
Microsoft Visual Studio Solution File, Format Version 12.00
# Visual Studio Version 17
VisualStudioVersion = 17.1.32414.318
MinimumVisualStudioVersion = 10.0.40219.1
Project("{FAE04EC0-301F-11D3-BF4B-00C04F79EFBC}") = "FriendStorage.UI", "FriendStorage.UI\FriendStorage.UI.csproj", "{AEBD7C75-CF3E-4F51-9D07-1471B910703A}"
EndProject
Project("{FAE04EC0-301F-11D3-BF4B-00C04F79EFBC}") = "FriendStorage.DataAccess", "FriendStorage.DataAccess\FriendStorage.DataAccess.csproj", "{4E2E9DD7-3DB5-4136-93A9-716CC0777BBA}"
EndProject
Project("{FAE04EC0-301F-11D3-BF4B-00C04F79EFBC}") = "FriendStorage.Model", "FriendStorage.Model\FriendStorage.Model.csproj", "{744CBCBC-4C9E-430D-9720-30561D3EDA11}"
EndProject
Project("{FAE04EC0-301F-11D3-BF4B-00C04F79EFBC}") = "FriendStorage.UITests", "FriendStorage.UITests\FriendStorage.UITests.csproj", "{28994F64-8ACC-4467-A9CF-81355F9260B5}"
EndProject
Global
	GlobalSection(SolutionConfigurationPlatforms) = preSolution
		Debug|Any CPU = Debug|Any CPU
		Release|Any CPU = Release|Any CPU
	EndGlobalSection
	GlobalSection(ProjectConfigurationPlatforms) = postSolution
		{AEBD7C75-CF3E-4F51-9D07-1471B910703A}.Debug|Any CPU.ActiveCfg = Debug|Any CPU
		{AEBD7C75-CF3E-4F51-9D07-1471B910703A}.Debug|Any CPU.Build.0 = Debug|Any CPU
		{AEBD7C75-CF3E-4F51-9D07-1471B910703A}.Release|Any CPU.ActiveCfg = Release|Any CPU
		{AEBD7C75-CF3E-4F51-9D07-1471B910703A}.Release|Any CPU.Build.0 = Release|Any CPU
		{4E2E9DD7-3DB5-4136-93A9-716CC0777BBA}.Debug|Any CPU.ActiveCfg = Debug|Any CPU
		{4E2E9DD7-3DB5-4136-93A9-716CC0777BBA}.Debug|Any CPU.Build.0 = Debug|Any CPU
		{4E2E9DD7-3DB5-4136-93A9-716CC0777BBA}.Release|Any CPU.ActiveCfg = Release|Any CPU
		{4E2E9DD7-3DB5-4136-93A9-716CC0777BBA}.Release|Any CPU.Build.0 = Release|Any CPU
		{744CBCBC-4C9E-430D-9720-30561D3EDA11}.Debug|Any CPU.ActiveCfg = Debug|Any CPU
		{744CBCBC-4C9E-430D-9720-30561D3EDA11}.Debug|Any CPU.Build.0 = Debug|Any CPU
		{744CBCBC-4C9E-430D-9720-30561D3EDA11}.Release|Any CPU.ActiveCfg = Release|Any CPU
		{744CBCBC-4C9E-430D-9720-30561D3EDA11}.Release|Any CPU.Build.0 = Release|Any CPU
		{28994F64-8ACC-4467-A9CF-81355F9260B5}.Debug|Any CPU.ActiveCfg = Debug|Any CPU
		{28994F64-8ACC-4467-A9CF-81355F9260B5}.Debug|Any CPU.Build.0 = Debug|Any CPU
		{28994F64-8ACC-4467-A9CF-81355F9260B5}.Release|Any CPU.ActiveCfg = Release|Any CPU
		{28994F64-8ACC-4467-A9CF-81355F9260B5}.Release|Any CPU.Build.0 = Release|Any CPU
	EndGlobalSection
	GlobalSection(SolutionProperties) = preSolution
		HideSolutionNode = FALSE
	EndGlobalSection
	GlobalSection(ExtensibilityGlobals) = postSolution
		SolutionGuid = {B30F102F-53FE-4FE8-9BCD-DFB5E233BD96}
	EndGlobalSection
EndGlobal
